
Microsoft Visual Studio Solution File, Format Version 12.00
# Visual Studio Version 16
VisualStudioVersion = 16.0.31112.23
MinimumVisualStudioVersion = 10.0.40219.1
Project("{FAE04EC0-301F-11D3-BF4B-00C04F79EFBC}") = "AuthServerExample.API", "AuthServerExample.API\AuthServerExample.API.csproj", "{4BF4C06B-9A6F-4A02-949F-A23B5E4129A9}"
EndProject
Global
	GlobalSection(SolutionConfigurationPlatforms) = preSolution
		Debug|Any CPU = Debug|Any CPU
		Release|Any CPU = Release|Any CPU
	EndGlobalSection
	GlobalSection(ProjectConfigurationPlatforms) = postSolution
		{4BF4C06B-9A6F-4A02-949F-A23B5E4129A9}.Debug|Any CPU.ActiveCfg = Debug|Any CPU
		{4BF4C06B-9A6F-4A02-949F-A23B5E4129A9}.Debug|Any CPU.Build.0 = Debug|Any CPU
		{4BF4C06B-9A6F-4A02-949F-A23B5E4129A9}.Release|Any CPU.ActiveCfg = Release|Any CPU
		{4BF4C06B-9A6F-4A02-949F-A23B5E4129A9}.Release|Any CPU.Build.0 = Release|Any CPU
	EndGlobalSection
	GlobalSection(SolutionProperties) = preSolution
		HideSolutionNode = FALSE
	EndGlobalSection
	GlobalSection(ExtensibilityGlobals) = postSolution
		SolutionGuid = {CF61135C-F124-4028-938B-56A2CB2A3DE1}
	EndGlobalSection
EndGlobal
